lockfileVersion: '9.0'

settings:
  autoInstallPeers: true
  excludeLinksFromLockfile: false

importers:

  .:
    dependencies:
      '@ehq/api-client':
        specifier: workspace:*
        version: link:../../packages/api-client
      '@ehq/api-contracts':
        specifier: workspace:*
        version: link:../../packages/api-contracts
      '@ehq/auth':
        specifier: workspace:*
        version: link:../../packages/auth
      '@ehq/db':
        specifier: workspace:*
        version: link:../../packages/db
      '@ehq/domain-distribution':
        specifier: workspace:*
        version: link:../../packages/domain-distribution
      '@ehq/domain-finance':
        specifier: workspace:*
        version: link:../../packages/domain-finance
      '@ehq/domain-office':
        specifier: workspace:*
        version: link:../../packages/domain-office
      '@supabase/server':
        specifier: ^1.2.0
        version: 1.2.0(@supabase/supabase-js@2.108.2)

packages:

  '@supabase/auth-js@2.108.2':
    resolution: {integrity: sha512-tNaQmBgodDZwgB40mRwVbxFy8IDYwjdpcZ0BYrWiwlULCSQoJj4QoG4zgJT7QRPXcqipefNOzvO/qAu4dF98ag==}
    engines: {node: '>=20.0.0'}

  '@supabase/functions-js@2.108.2':
    resolution: {integrity: sha512-RNUX8EiBy3iLwAX19jtRzLyePnl11/fHcgwDHLnpKcDSXt/5qBnh3LUwAtIjT21Q66QsmNUR2esrHziLCpNubw==}
    engines: {node: '>=20.0.0'}

  '@supabase/phoenix@0.4.4':
    resolution: {integrity: sha512-Gt0pqoXuIqX/8dvG0OKp/wMCobXNH3klNbUPBNyOfN0YA1IswrM3HyWFMOPk1Jy+BRaIyDPcFx4jLBwHNmlyfQ==}

  '@supabase/postgrest-js@2.108.2':
    resolution: {integrity: sha512-GQ28/Y8hk3CFmkb3kXH1h/AQx6JIYSQfO0CJMRVBcEKZoNy6C45cXAZ4fcJvRC5Id0cs6xnkUV0+c0rIocigsw==}
    engines: {node: '>=20.0.0'}

  '@supabase/realtime-js@2.108.2':
    resolution: {integrity: sha512-aAGxCSUemZvQIibnCdvNvgaKib28I4rfrNjKbQ9cG1uBLwUsI7hVpGXgEbypCCDhLjQlDTAiJlu7rgljYUT73g==}
    engines: {node: '>=20.0.0'}

  '@supabase/server@1.2.0':
    resolution: {integrity: sha512-6ts8/aC5FEf03A9+WnEsrb79YYqlE1lf8KKtWKVHZIyaDq+RM5tzP4tHRzc8Bwg88pmoDImAkaj9D3lunnanvg==}
    engines: {node: '>=20'}
    peerDependencies:
      '@nestjs/common': ^10.0.0 || ^11.0.0
      '@supabase/supabase-js': ^2.0.0
      elysia: ^1.4.0
      h3: ^2.0.0
      hono: ^4.0.0
    peerDependenciesMeta:
      '@nestjs/common':
        optional: true
      elysia:
        optional: true
      h3:
        optional: true
      hono:
        optional: true

  '@supabase/storage-js@2.108.2':
    resolution: {integrity: sha512-TVZPQxXGxY2+A6yTtm77zUHsh70lBhYUEaJL8RQC+BghcX/ygiMG/rmXrNVBce30/WAeNPa8FiG8HbqlGeV05g==}
    engines: {node: '>=20.0.0'}

  '@supabase/supabase-js@2.108.2':
    resolution: {integrity: sha512-hFhnPveb5JQg4a0QYicM0swT253YHMdfeRAl2BKHOlI5VAzuHxUGSr8RbwNLYNPauWOgQMS1H8sz8bvYlgwUfQ==}
    engines: {node: '>=20.0.0'}

  iceberg-js@0.8.1:
    resolution: {integrity: sha512-1dhVQZXhcHje7798IVM+xoo/1ZdVfzOMIc8/rgVSijRK38EDqOJoGula9N/8ZI5RD8QTxNQtK/Gozpr+qUqRRA==}
    engines: {node: '>=20.0.0'}

  jose@6.2.3:
    resolution: {integrity: sha512-YYVDInQKFJfR/xa3ojUTl8c2KoTwiL1R5Wg9YCydwH0x0B9grbzlg5HC7mMjCtUJjbQ/YnGEZIhI5tCgfTb4Hw==}

  tslib@2.8.1:
    resolution: {integrity: sha512-oJFu94HQb+KVduSUQL7wnpmqnfmLsOA/nAh6b6EH0wCEoK0/mPeXU6c3wKDV83MkOuHPRHtSXKKU99IBazS/2w==}

snapshots:

  '@supabase/auth-js@2.108.2':
    dependencies:
      tslib: 2.8.1

  '@supabase/functions-js@2.108.2':
    dependencies:
      tslib: 2.8.1

  '@supabase/phoenix@0.4.4': {}

  '@supabase/postgrest-js@2.108.2':
    dependencies:
      tslib: 2.8.1

  '@supabase/realtime-js@2.108.2':
    dependencies:
      '@supabase/phoenix': 0.4.4
      tslib: 2.8.1

  '@supabase/server@1.2.0(@supabase/supabase-js@2.108.2)':
    dependencies:
      '@supabase/supabase-js': 2.108.2
      jose: 6.2.3

  '@supabase/storage-js@2.108.2':
    dependencies:
      iceberg-js: 0.8.1
      tslib: 2.8.1

  '@supabase/supabase-js@2.108.2':
    dependencies:
      '@supabase/auth-js': 2.108.2
      '@supabase/functions-js': 2.108.2
      '@supabase/postgrest-js': 2.108.2
      '@supabase/realtime-js': 2.108.2
      '@supabase/storage-js': 2.108.2

  iceberg-js@0.8.1: {}

  jose@6.2.3: {}

  tslib@2.8.1: {}
